
Microsoft Visual Studio Solution File, Format Version 12.00
# Visual Studio Version 17
VisualStudioVersion = 17.7.34031.279
MinimumVisualStudioVersion = 10.0.40219.1
Project("{FAE04EC0-301F-11D3-BF4B-00C04F79EFBC}") = "Tema2-CaracteresLimitados", "Tema2-CaracteresLimitados\Tema2-CaracteresLimitados.csproj", "{6C048C5E-B7F4-41B4-866B-E04444A3ECAC}"
EndProject
Global
	GlobalSection(SolutionConfigurationPlatforms) = preSolution
		Debug|Any CPU = Debug|Any CPU
		Release|Any CPU = Release|Any CPU
	EndGlobalSection
	GlobalSection(ProjectConfigurationPlatforms) = postSolution
		{6C048C5E-B7F4-41B4-866B-E04444A3ECAC}.Debug|Any CPU.ActiveCfg = Debug|Any CPU
		{6C048C5E-B7F4-41B4-866B-E04444A3ECAC}.Debug|Any CPU.Build.0 = Debug|Any CPU
		{6C048C5E-B7F4-41B4-866B-E04444A3ECAC}.Release|Any CPU.ActiveCfg = Release|Any CPU
		{6C048C5E-B7F4-41B4-866B-E04444A3ECAC}.Release|Any CPU.Build.0 = Release|Any CPU
	EndGlobalSection
	GlobalSection(SolutionProperties) = preSolution
		HideSolutionNode = FALSE
	EndGlobalSection
	GlobalSection(ExtensibilityGlobals) = postSolution
		SolutionGuid = {144ABAA7-C560-44BD-B823-CB3A26BCB35D}
	EndGlobalSection
EndGlobal
